
Microsoft Visual Studio Solution File, Format Version 12.00
# Visual Studio Version 16
VisualStudioVersion = 16.0.29403.142
MinimumVisualStudioVersion = 10.0.40219.1
Project("{FAE04EC0-301F-11D3-BF4B-00C04F79EFBC}") = "TeamCityRetryTests", "TeamCityRetryTests\TeamCityRetryTests.csproj", "{62635528-B12D-4A0F-AFC2-F051A61E6FE8}"
EndProject
Global
	GlobalSection(SolutionConfigurationPlatforms) = preSolution
		Debug|Any CPU = Debug|Any CPU
		Release|Any CPU = Release|Any CPU
	EndGlobalSection
	GlobalSection(ProjectConfigurationPlatforms) = postSolution
		{62635528-B12D-4A0F-AFC2-F051A61E6FE8}.Debug|Any CPU.ActiveCfg = Debug|Any CPU
		{62635528-B12D-4A0F-AFC2-F051A61E6FE8}.Debug|Any CPU.Build.0 = Debug|Any CPU
		{62635528-B12D-4A0F-AFC2-F051A61E6FE8}.Release|Any CPU.ActiveCfg = Release|Any CPU
		{62635528-B12D-4A0F-AFC2-F051A61E6FE8}.Release|Any CPU.Build.0 = Release|Any CPU
	EndGlobalSection
	GlobalSection(SolutionProperties) = preSolution
		HideSolutionNode = FALSE
	EndGlobalSection
	GlobalSection(ExtensibilityGlobals) = postSolution
		SolutionGuid = {4DA77256-320A-4F86-8E8D-DD725990B5B7}
	EndGlobalSection
EndGlobal
